// !$*UTF8*$!
{
	archiveVersion = 1;
	classes = {
	};
	objectVersion = 46;
	objects = {

/* Begin PBXBuildFile section */
		73F5538E51A27E5248DBDDEF /* libPods.a in Frameworks */ = {isa = PBXBuildFile; fileRef = 197CD5E06590FD990F88FBF4 /* libPods.a */; };
		929B97281B77D31900F43858 /* AccountViewController.m in Sources */ = {isa = PBXBuildFile; fileRef = 929B97271B77D31900F43858 /* AccountViewController.m */; };
		929B97591B77D47D00F43858 /* app_icon_120.png in Resources */ = {isa = PBXBuildFile; fileRef = 929B972B1B77D47D00F43858 /* app_icon_120.png */; };
		929B975A1B77D47D00F43858 /* app_icon_180.png in Resources */ = {isa = PBXBuildFile; fileRef = 929B972C1B77D47D00F43858 /* app_icon_180.png */; };
		929B975B1B77D47D00F43858 /* app_icon_57.png in Resources */ = {isa = PBXBuildFile; fileRef = 929B972D1B77D47D00F43858 /* app_icon_57.png */; };
		929B975C1B77D47D00F43858 /* app_icon_80.png in Resources */ = {isa = PBXBuildFile; fileRef = 929B972E1B77D47D00F43858 /* app_icon_80.png */; };
		929B975D1B77D47D00F43858 /* app_icon_87.png in Resources */ = {isa = PBXBuildFile; fileRef = 929B972F1B77D47D00F43858 /* app_icon_87.png */; };
		929B975E1B77D47D00F43858 /* bg_1242x2016.png in Resources */ = {isa = PBXBuildFile; fileRef = 929B97321B77D47D00F43858 /* bg_1242x2016.png */; };
		929B975F1B77D47D00F43858 /* bg_640x1008.png in Resources */ = {isa = PBXBuildFile; fileRef = 929B97331B77D47D00F43858 /* bg_640x1008.png */; };
		929B97601B77D47D00F43858 /* bg_640x832.png in Resources */ = {isa = PBXBuildFile; fileRef = 929B97341B77D47D00F43858 /* bg_640x832.png */; };
		929B97611B77D47D00F43858 /* bg_750x1142.png in Resources */ = {isa = PBXBuildFile; fileRef = 929B97351B77D47D00F43858 /* bg_750x1142.png */; };
		929B97621B77D47D00F43858 /* bg2_1242x2016.png in Resources */ = {isa = PBXBuildFile; fileRef = 929B97371B77D47D00F43858 /* bg2_1242x2016.png */; };
		929B97631B77D47D00F43858 /* bg2_640x1136.png in Resources */ = {isa = PBXBuildFile; fileRef = 929B97381B77D47D00F43858 /* bg2_640x1136.png */; };
		929B97641B77D47D00F43858 /* bg2_640x960.png in Resources */ = {isa = PBXBuildFile; fileRef = 929B97391B77D47D00F43858 /* bg2_640x960.png */; };
		929B97651B77D47D00F43858 /* bg2_750x1334.png in Resources */ = {isa = PBXBuildFile; fileRef = 929B973A1B77D47D00F43858 /* bg2_750x1334.png */; };
		929B97661B77D47D00F43858 /* back.png in Resources */ = {isa = PBXBuildFile; fileRef = 929B973C1B77D47D00F43858 /* back.png */; };
		929B97671B77D47D00F43858 /* back@2x.png in Resources */ = {isa = PBXBuildFile; fileRef = 929B973D1B77D47D00F43858 /* back@2x.png */; };
		929B97681B77D47D00F43858 /* blue_bg.png in Resources */ = {isa = PBXBuildFile; fileRef = 929B973E1B77D47D00F43858 /* blue_bg.png */; };
		929B97691B77D47D00F43858 /* blue_bg@2x.png in Resources */ = {isa = PBXBuildFile; fileRef = 929B973F1B77D47D00F43858 /* blue_bg@2x.png */; };
		929B976A1B77D47D00F43858 /* cancel_skill.png in Resources */ = {isa = PBXBuildFile; fileRef = 929B97401B77D47D00F43858 /* cancel_skill.png */; };
		929B976B1B77D47D00F43858 /* cancel_skill@2x.png in Resources */ = {isa = PBXBuildFile; fileRef = 929B97411B77D47D00F43858 /* cancel_skill@2x.png */; };
		929B976C1B77D47D00F43858 /* com_screen.png in Resources */ = {isa = PBXBuildFile; fileRef = 929B97421B77D47D00F43858 /* com_screen.png */; };
		929B976D1B77D47D00F43858 /* com_screen@2x.png in Resources */ = {isa = PBXBuildFile; fileRef = 929B97431B77D47D00F43858 /* com_screen@2x.png */; };
		929B976E1B77D47D00F43858 /* computer.png in Resources */ = {isa = PBXBuildFile; fileRef = 929B97441B77D47D00F43858 /* computer.png */; };
		929B976F1B77D47D00F43858 /* computer@2x.png in Resources */ = {isa = PBXBuildFile; fileRef = 929B97451B77D47D00F43858 /* computer@2x.png */; };
		929B97701B77D47D00F43858 /* edit_skill.png in Resources */ = {isa = PBXBuildFile; fileRef = 929B97461B77D47D00F43858 /* edit_skill.png */; };
		929B97711B77D47D00F43858 /* edit_skill@2x.png in Resources */ = {isa = PBXBuildFile; fileRef = 929B97471B77D47D00F43858 /* edit_skill@2x.png */; };
		929B97721B77D47D00F43858 /* nav.png in Resources */ = {isa = PBXBuildFile; fileRef = 929B97481B77D47D00F43858 /* nav.png */; };
		929B97731B77D47D00F43858 /* nav@2x.png in Resources */ = {isa = PBXBuildFile; fileRef = 929B97491B77D47D00F43858 /* nav@2x.png */; };
		929B97741B77D47D00F43858 /* nav_bg.png in Resources */ = {isa = PBXBuildFile; fileRef = 929B974A1B77D47D00F43858 /* nav_bg.png */; };
		929B97751B77D47D00F43858 /* nav_bg@2x.png in Resources */ = {isa = PBXBuildFile; fileRef = 929B974B1B77D47D00F43858 /* nav_bg@2x.png */; };
		929B97761B77D47D00F43858 /* select_skill.png in Resources */ = {isa = PBXBuildFile; fileRef = 929B974C1B77D47D00F43858 /* select_skill.png */; };
		929B97771B77D47D00F43858 /* select_skill@2x.png in Resources */ = {isa = PBXBuildFile; fileRef = 929B974D1B77D47D00F43858 /* select_skill@2x.png */; };
		929B97781B77D47D00F43858 /* select_skill_cross.png in Resources */ = {isa = PBXBuildFile; fileRef = 929B974E1B77D47D00F43858 /* select_skill_cross.png */; };
		929B97791B77D47D00F43858 /* select_skill_cross@2x.png in Resources */ = {isa = PBXBuildFile; fileRef = 929B974F1B77D47D00F43858 /* select_skill_cross@2x.png */; };
		929B977A1B77D47D00F43858 /* select_skill_tick.png in Resources */ = {isa = PBXBuildFile; fileRef = 929B97501B77D47D00F43858 /* select_skill_tick.png */; };
		929B977B1B77D47D00F43858 /* select_skill_tick@2x.png in Resources */ = {isa = PBXBuildFile; fileRef = 929B97511B77D47D00F43858 /* select_skill_tick@2x.png */; };
		929B977C1B77D47D00F43858 /* sidebar_bluebg.png in Resources */ = {isa = PBXBuildFile; fileRef = 929B97521B77D47D00F43858 /* sidebar_bluebg.png */; };
		929B977D1B77D47D00F43858 /* sidebar_bluebg@2x.png in Resources */ = {isa = PBXBuildFile; fileRef = 929B97531B77D47D00F43858 /* sidebar_bluebg@2x.png */; };
		929B977E1B77D47D00F43858 /* splash_1242.png in Resources */ = {isa = PBXBuildFile; fileRef = 929B97551B77D47D00F43858 /* splash_1242.png */; };
		929B977F1B77D47D00F43858 /* splash_640X1136.png in Resources */ = {isa = PBXBuildFile; fileRef = 929B97561B77D47D00F43858 /* splash_640X1136.png */; };
		929B97801B77D47D00F43858 /* splash_640X960.png in Resources */ = {isa = PBXBuildFile; fileRef = 929B97571B77D47D00F43858 /* splash_640X960.png */; };
		929B97811B77D47D00F43858 /* splash_750.png in Resources */ = {isa = PBXBuildFile; fileRef = 929B97581B77D47D00F43858 /* splash_750.png */; };
		929B97841B77E08B00F43858 /* UIView+BorderColorWithRadius.m in Sources */ = {isa = PBXBuildFile; fileRef = 929B97831B77E08B00F43858 /* UIView+BorderColorWithRadius.m */; };
		92F4CFD11B7A60AA00B85010 /* logo.png in Resources */ = {isa = PBXBuildFile; fileRef = 92F4CFCE1B7A60AA00B85010 /* logo.png */; };
		92F4CFD21B7A60AA00B85010 /* logo@2x.png in Resources */ = {isa = PBXBuildFile; fileRef = 92F4CFCF1B7A60AA00B85010 /* logo@2x.png */; };
		92F4CFD31B7A60AA00B85010 /* logo@3x.png in Resources */ = {isa = PBXBuildFile; fileRef = 92F4CFD01B7A60AA00B85010 /* logo@3x.png */; };
		92F4CFD61B7A641900B85010 /* SplashViewController.m in Sources */ = {isa = PBXBuildFile; fileRef = 92F4CFD51B7A641900B85010 /* SplashViewController.m */; };
		92F4CFE01B7A66A800B85010 /* fb.png in Resources */ = {isa = PBXBuildFile; fileRef = 92F4CFD71B7A66A800B85010 /* fb.png */; };
		92F4CFE11B7A66A800B85010 /* fb@2x.png in Resources */ = {isa = PBXBuildFile; fileRef = 92F4CFD81B7A66A800B85010 /* fb@2x.png */; };
		92F4CFE21B7A66A800B85010 /* fb@3x.png in Resources */ = {isa = PBXBuildFile; fileRef = 92F4CFD91B7A66A800B85010 /* fb@3x.png */; };
		92F4CFE31B7A66A800B85010 /* linkedin.png in Resources */ = {isa = PBXBuildFile; fileRef = 92F4CFDA1B7A66A800B85010 /* linkedin.png */; };
		92F4CFE41B7A66A800B85010 /* linkedin@2x.png in Resources */ = {isa = PBXBuildFile; fileRef = 92F4CFDB1B7A66A800B85010 /* linkedin@2x.png */; };
		92F4CFE51B7A66A800B85010 /* linkedin@3x.png in Resources */ = {isa = PBXBuildFile; fileRef = 92F4CFDC1B7A66A800B85010 /* linkedin@3x.png */; };
		92F4CFE61B7A66A800B85010 /* login_with_email.png in Resources */ = {isa = PBXBuildFile; fileRef = 92F4CFDD1B7A66A800B85010 /* login_with_email.png */; };
		92F4CFE71B7A66A800B85010 /* login_with_email@2x.png in Resources */ = {isa = PBXBuildFile; fileRef = 92F4CFDE1B7A66A800B85010 /* login_with_email@2x.png */; };
		92F4CFE81B7A66A800B85010 /* login_with_email@3x.png in Resources */ = {isa = PBXBuildFile; fileRef = 92F4CFDF1B7A66A800B85010 /* login_with_email@3x.png */; };
		92F4CFEC1B7A725100B85010 /* create_account.png in Resources */ = {isa = PBXBuildFile; fileRef = 92F4CFE91B7A725100B85010 /* create_account.png */; };
		92F4CFED1B7A725100B85010 /* create_account@2x.png in Resources */ = {isa = PBXBuildFile; fileRef = 92F4CFEA1B7A725100B85010 /* create_account@2x.png */; };
		92F4CFEE1B7A725100B85010 /* create_account@3x.png in Resources */ = {isa = PBXBuildFile; fileRef = 92F4CFEB1B7A725100B85010 /* create_account@3x.png */; };
		92F5B7AB1B791F4200B111E8 /* SettingViewController.m in Sources */ = {isa = PBXBuildFile; fileRef = 92F5B7AA1B791F4200B111E8 /* SettingViewController.m */; };
		E51C3CC21B7D08AF007DF1BF /* uber_logo.png in Resources */ = {isa = PBXBuildFile; fileRef = E51C3CC11B7D08AF007DF1BF /* uber_logo.png */; };
		E53663BA1B72838A005A1E92 /* main.m in Sources */ = {isa = PBXBuildFile; fileRef = E53663B91B72838A005A1E92 /* main.m */; };
		E53663BD1B72838A005A1E92 /* AppDelegate.m in Sources */ = {isa = PBXBuildFile; fileRef = E53663BC1B72838A005A1E92 /* AppDelegate.m */; };
		E53663C01B72838A005A1E92 /* Crowded.xcdatamodeld in Sources */ = {isa = PBXBuildFile; fileRef = E53663BE1B72838A005A1E92 /* Crowded.xcdatamodeld */; };
		E53663C61B72838B005A1E92 /* Main.storyboard in Resources */ = {isa = PBXBuildFile; fileRef = E53663C41B72838A005A1E92 /* Main.storyboard */; };
		E53663C81B72838B005A1E92 /* Images.xcassets in Resources */ = {isa = PBXBuildFile; fileRef = E53663C71B72838B005A1E92 /* Images.xcassets */; };
		E53663CB1B72838B005A1E92 /* LaunchScreen.xib in Resources */ = {isa = PBXBuildFile; fileRef = E53663C91B72838B005A1E92 /* LaunchScreen.xib */; };
		E53663D71B72838B005A1E92 /* CrowdedTests.m in Sources */ = {isa = PBXBuildFile; fileRef = E53663D61B72838B005A1E92 /* CrowdedTests.m */; };
		E54CE8BC1B75271500B92EDF /* LeftMenuViewController.m in Sources */ = {isa = PBXBuildFile; fileRef = E54CE8BB1B75271500B92EDF /* LeftMenuViewController.m */; };
		E54CE8BF1B75276200B92EDF /* HomeViewController.m in Sources */ = {isa = PBXBuildFile; fileRef = E54CE8BE1B75276200B92EDF /* HomeViewController.m */; };
		E54CE8C61B75444400B92EDF /* ProfileView.m in Sources */ = {isa = PBXBuildFile; fileRef = E54CE8C51B75444400B92EDF /* ProfileView.m */; };
		E54CE8C81B75445300B92EDF /* ProfileView.xib in Resources */ = {isa = PBXBuildFile; fileRef = E54CE8C71B75445300B92EDF /* ProfileView.xib */; };
		E56F3D381B76557000A49226 /* MapView.xib in Resources */ = {isa = PBXBuildFile; fileRef = E56F3D371B76557000A49226 /* MapView.xib */; };
		E56F3D3B1B76558500A49226 /* MapView.m in Sources */ = {isa = PBXBuildFile; fileRef = E56F3D3A1B76558500A49226 /* MapView.m */; };
		E56F3D3D1B76567900A49226 /* MapKit.framework in Frameworks */ = {isa = PBXBuildFile; fileRef = E56F3D3C1B76567900A49226 /* MapKit.framework */; };
		E5A4B71C1B7A78AD005A58ED /* CustomListingTableViewCell.m in Sources */ = {isa = PBXBuildFile; fileRef = E5A4B71A1B7A78AD005A58ED /* CustomListingTableViewCell.m */; };
		E5A4B71D1B7A78AD005A58ED /* CustomListingTableViewCell.xib in Resources */ = {isa = PBXBuildFile; fileRef = E5A4B71B1B7A78AD005A58ED /* CustomListingTableViewCell.xib */; };
		E5DD7A301B73CFA100E93C01 /* temp.storyboard in Resources */ = {isa = PBXBuildFile; fileRef = E5DD7A2F1B73CFA100E93C01 /* temp.storyboard */; };
		E5DD7A401B73D56800E93C01 /* ViewController.m in Sources */ = {isa = PBXBuildFile; fileRef = E5DD7A3B1B73D56800E93C01 /* ViewController.m */; };
/* End PBXBuildFile section */

/* Begin PBXContainerItemProxy section */
		E53663D11B72838B005A1E92 /* PBXContainerItemProxy */ = {
			isa = PBXContainerItemProxy;
			containerPortal = E53663AC1B72838A005A1E92 /* Project object */;
			proxyType = 1;
			remoteGlobalIDString = E53663B31B72838A005A1E92;
			remoteInfo = Crowded;
		};
/* End PBXContainerItemProxy section */

/* Begin PBXFileReference section */
		197CD5E06590FD990F88FBF4 /* libPods.a */ = {isa = PBXFileReference; explicitFileType = archive.ar; includeInIndex = 0; path = libPods.a; sourceTree = BUILT_PRODUCTS_DIR; };
		4CF58C8F38BA1F6907A20EFE /* Pods.release.xcconfig */ = {isa = PBXFileReference; includeInIndex = 1; lastKnownFileType = text.xcconfig; name = Pods.release.xcconfig; path = "Pods/Target Support Files/Pods/Pods.release.xcconfig"; sourceTree = "<group>"; };
		929B97261B77D31900F43858 /* AccountViewController.h */ = {isa = PBXFileReference; fileEncoding = 4; lastKnownFileType = sourcecode.c.h; path = AccountViewController.h; sourceTree = "<group>"; };
		929B97271B77D31900F43858 /* AccountViewController.m */ = {isa = PBXFileReference; fileEncoding = 4; lastKnownFileType = sourcecode.c.objc; path = AccountViewController.m; sourceTree = "<group>"; };
		929B972B1B77D47D00F43858 /* app_icon_120.png */ = {isa = PBXFileReference; lastKnownFileType = image.png; path = app_icon_120.png; sourceTree = "<group>"; };
		929B972C1B77D47D00F43858 /* app_icon_180.png */ = {isa = PBXFileReference; lastKnownFileType = image.png; path = app_icon_180.png; sourceTree = "<group>"; };
		929B972D1B77D47D00F43858 /* app_icon_57.png */ = {isa = PBXFileReference; lastKnownFileType = image.png; path = app_icon_57.png; sourceTree = "<group>"; };
		929B972E1B77D47D00F43858 /* app_icon_80.png */ = {isa = PBXFileReference; lastKnownFileType = image.png; path = app_icon_80.png; sourceTree = "<group>"; };
		929B972F1B77D47D00F43858 /* app_icon_87.png */ = {isa = PBXFileReference; lastKnownFileType = image.png; path = app_icon_87.png; sourceTree = "<group>"; };
		929B97321B77D47D00F43858 /* bg_1242x2016.png */ = {isa = PBXFileReference; lastKnownFileType = image.png; path = bg_1242x2016.png; sourceTree = "<group>"; };
		929B97331B77D47D00F43858 /* bg_640x1008.png */ = {isa = PBXFileReference; lastKnownFileType = image.png; path = bg_640x1008.png; sourceTree = "<group>"; };
		929B97341B77D47D00F43858 /* bg_640x832.png */ = {isa = PBXFileReference; lastKnownFileType = image.png; path = bg_640x832.png; sourceTree = "<group>"; };
		929B97351B77D47D00F43858 /* bg_750x1142.png */ = {isa = PBXFileReference; lastKnownFileType = image.png; path = bg_750x1142.png; sourceTree = "<group>"; };
		929B97371B77D47D00F43858 /* bg2_1242x2016.png */ = {isa = PBXFileReference; lastKnownFileType = image.png; path = bg2_1242x2016.png; sourceTree = "<group>"; };
		929B97381B77D47D00F43858 /* bg2_640x1136.png */ = {isa = PBXFileReference; lastKnownFileType = image.png; path = bg2_640x1136.png; sourceTree = "<group>"; };
		929B97391B77D47D00F43858 /* bg2_640x960.png */ = {isa = PBXFileReference; lastKnownFileType = image.png; path = bg2_640x960.png; sourceTree = "<group>"; };
		929B973A1B77D47D00F43858 /* bg2_750x1334.png */ = {isa = PBXFileReference; lastKnownFileType = image.png; path = bg2_750x1334.png; sourceTree = "<group>"; };
		929B973C1B77D47D00F43858 /* back.png */ = {isa = PBXFileReference; lastKnownFileType = image.png; path = back.png; sourceTree = "<group>"; };
		929B973D1B77D47D00F43858 /* back@2x.png */ = {isa = PBXFileReference; lastKnownFileType = image.png; path = "back@2x.png"; sourceTree = "<group>"; };
		929B973E1B77D47D00F43858 /* blue_bg.png */ = {isa = PBXFileReference; lastKnownFileType = image.png; path = blue_bg.png; sourceTree = "<group>"; };
		929B973F1B77D47D00F43858 /* blue_bg@2x.png */ = {isa = PBXFileReference; lastKnownFileType = image.png; path = "blue_bg@2x.png"; sourceTree = "<group>"; };
		929B97401B77D47D00F43858 /* cancel_skill.png */ = {isa = PBXFileReference; lastKnownFileType = image.png; path = cancel_skill.png; sourceTree = "<group>"; };
		929B97411B77D47D00F43858 /* cancel_skill@2x.png */ = {isa = PBXFileReference; lastKnownFileType = image.png; path = "cancel_skill@2x.png"; sourceTree = "<group>"; };
		929B97421B77D47D00F43858 /* com_screen.png */ = {isa = PBXFileReference; lastKnownFileType = image.png; path = com_screen.png; sourceTree = "<group>"; };
		929B97431B77D47D00F43858 /* com_screen@2x.png */ = {isa = PBXFileReference; lastKnownFileType = image.png; path = "com_screen@2x.png"; sourceTree = "<group>"; };
		929B97441B77D47D00F43858 /* computer.png */ = {isa = PBXFileReference; lastKnownFileType = image.png; path = computer.png; sourceTree = "<group>"; };
		929B97451B77D47D00F43858 /* computer@2x.png */ = {isa = PBXFileReference; lastKnownFileType = image.png; path = "computer@2x.png"; sourceTree = "<group>"; };
		929B97461B77D47D00F43858 /* edit_skill.png */ = {isa = PBXFileReference; lastKnownFileType = image.png; path = edit_skill.png; sourceTree = "<group>"; };
		929B97471B77D47D00F43858 /* edit_skill@2x.png */ = {isa = PBXFileReference; lastKnownFileType = image.png; path = "edit_skill@2x.png"; sourceTree = "<group>"; };
		929B97481B77D47D00F43858 /* nav.png */ = {isa = PBXFileReference; lastKnownFileType = image.png; path = nav.png; sourceTree = "<group>"; };
		929B97491B77D47D00F43858 /* nav@2x.png */ = {isa = PBXFileReference; lastKnownFileType = image.png; path = "nav@2x.png"; sourceTree = "<group>"; };
		929B974A1B77D47D00F43858 /* nav_bg.png */ = {isa = PBXFileReference; lastKnownFileType = image.png; path = nav_bg.png; sourceTree = "<group>"; };
		929B974B1B77D47D00F43858 /* nav_bg@2x.png */ = {isa = PBXFileReference; lastKnownFileType = image.png; path = "nav_bg@2x.png"; sourceTree = "<group>"; };
		929B974C1B77D47D00F43858 /* select_skill.png */ = {isa = PBXFileReference; lastKnownFileType = image.png; path = select_skill.png; sourceTree = "<group>"; };
		929B974D1B77D47D00F43858 /* select_skill@2x.png */ = {isa = PBXFileReference; lastKnownFileType = image.png; path = "select_skill@2x.png"; sourceTree = "<group>"; };
		929B974E1B77D47D00F43858 /* select_skill_cross.png */ = {isa = PBXFileReference; lastKnownFileType = image.png; path = select_skill_cross.png; sourceTree = "<group>"; };
		929B974F1B77D47D00F43858 /* select_skill_cross@2x.png */ = {isa = PBXFileReference; lastKnownFileType = image.png; path = "select_skill_cross@2x.png"; sourceTree = "<group>"; };
		929B97501B77D47D00F43858 /* select_skill_tick.png */ = {isa = PBXFileReference; lastKnownFileType = image.png; path = select_skill_tick.png; sourceTree = "<group>"; };
		929B97511B77D47D00F43858 /* select_skill_tick@2x.png */ = {isa = PBXFileReference; lastKnownFileType = image.png; path = "select_skill_tick@2x.png"; sourceTree = "<group>"; };
		929B97521B77D47D00F43858 /* sidebar_bluebg.png */ = {isa = PBXFileReference; lastKnownFileType = image.png; path = sidebar_bluebg.png; sourceTree = "<group>"; };
		929B97531B77D47D00F43858 /* sidebar_bluebg@2x.png */ = {isa = PBXFileReference; lastKnownFileType = image.png; path = "sidebar_bluebg@2x.png"; sourceTree = "<group>"; };
		929B97551B77D47D00F43858 /* splash_1242.png */ = {isa = PBXFileReference; lastKnownFileType = image.png; path = splash_1242.png; sourceTree = "<group>"; };
		929B97561B77D47D00F43858 /* splash_640X1136.png */ = {isa = PBXFileReference; lastKnownFileType = image.png; path = splash_640X1136.png; sourceTree = "<group>"; };
		929B97571B77D47D00F43858 /* splash_640X960.png */ = {isa = PBXFileReference; lastKnownFileType = image.png; path = splash_640X960.png; sourceTree = "<group>"; };
		929B97581B77D47D00F43858 /* splash_750.png */ = {isa = PBXFileReference; lastKnownFileType = image.png; path = splash_750.png; sourceTree = "<group>"; };
		929B97821B77E08B00F43858 /* UIView+BorderColorWithRadius.h */ = {isa = PBXFileReference; fileEncoding = 4; lastKnownFileType = sourcecode.c.h; name = "UIView+BorderColorWithRadius.h"; path = "Crowded/Category/UIView+BorderColorWithRadius.h"; sourceTree = "<group>"; };
		929B97831B77E08B00F43858 /* UIView+BorderColorWithRadius.m */ = {isa = PBXFileReference; fileEncoding = 4; lastKnownFileType = sourcecode.c.objc; name = "UIView+BorderColorWithRadius.m"; path = "Crowded/Category/UIView+BorderColorWithRadius.m"; sourceTree = "<group>"; };
		92F4CFCE1B7A60AA00B85010 /* logo.png */ = {isa = PBXFileReference; lastKnownFileType = image.png; path = logo.png; sourceTree = "<group>"; };
		92F4CFCF1B7A60AA00B85010 /* logo@2x.png */ = {isa = PBXFileReference; lastKnownFileType = image.png; path = "logo@2x.png"; sourceTree = "<group>"; };
		92F4CFD01B7A60AA00B85010 /* logo@3x.png */ = {isa = PBXFileReference; lastKnownFileType = image.png; path = "logo@3x.png"; sourceTree = "<group>"; };
		92F4CFD41B7A641900B85010 /* SplashViewController.h */ = {isa = PBXFileReference; fileEncoding = 4; lastKnownFileType = sourcecode.c.h; path = SplashViewController.h; sourceTree = "<group>"; };
		92F4CFD51B7A641900B85010 /* SplashViewController.m */ = {isa = PBXFileReference; fileEncoding = 4; lastKnownFileType = sourcecode.c.objc; path = SplashViewController.m; sourceTree = "<group>"; };
		92F4CFD71B7A66A800B85010 /* fb.png */ = {isa = PBXFileReference; lastKnownFileType = image.png; path = fb.png; sourceTree = "<group>"; };
		92F4CFD81B7A66A800B85010 /* fb@2x.png */ = {isa = PBXFileReference; lastKnownFileType = image.png; path = "fb@2x.png"; sourceTree = "<group>"; };
		92F4CFD91B7A66A800B85010 /* fb@3x.png */ = {isa = PBXFileReference; lastKnownFileType = image.png; path = "fb@3x.png"; sourceTree = "<group>"; };
		92F4CFDA1B7A66A800B85010 /* linkedin.png */ = {isa = PBXFileReference; lastKnownFileType = image.png; path = linkedin.png; sourceTree = "<group>"; };
		92F4CFDB1B7A66A800B85010 /* linkedin@2x.png */ = {isa = PBXFileReference; lastKnownFileType = image.png; path = "linkedin@2x.png"; sourceTree = "<group>"; };
		92F4CFDC1B7A66A800B85010 /* linkedin@3x.png */ = {isa = PBXFileReference; lastKnownFileType = image.png; path = "linkedin@3x.png"; sourceTree = "<group>"; };
		92F4CFDD1B7A66A800B85010 /* login_with_email.png */ = {isa = PBXFileReference; lastKnownFileType = image.png; path = login_with_email.png; sourceTree = "<group>"; };
		92F4CFDE1B7A66A800B85010 /* login_with_email@2x.png */ = {isa = PBXFileReference; lastKnownFileType = image.png; path = "login_with_email@2x.png"; sourceTree = "<group>"; };
		92F4CFDF1B7A66A800B85010 /* login_with_email@3x.png */ = {isa = PBXFileReference; lastKnownFileType = image.png; path = "login_with_email@3x.png"; sourceTree = "<group>"; };
		92F4CFE91B7A725100B85010 /* create_account.png */ = {isa = PBXFileReference; lastKnownFileType = image.png; path = create_account.png; sourceTree = "<group>"; };
		92F4CFEA1B7A725100B85010 /* create_account@2x.png */ = {isa = PBXFileReference; lastKnownFileType = image.png; path = "create_account@2x.png"; sourceTree = "<group>"; };
		92F4CFEB1B7A725100B85010 /* create_account@3x.png */ = {isa = PBXFileReference; lastKnownFileType = image.png; path = "create_account@3x.png"; sourceTree = "<group>"; };
		92F5B7A71B79195F00B111E8 /* Constant.h */ = {isa = PBXFileReference; fileEncoding = 4; lastKnownFileType = sourcecode.c.h; name = Constant.h; path = ../Constant.h; sourceTree = "<group>"; };
		92F5B7A91B791F4200B111E8 /* SettingViewController.h */ = {isa = PBXFileReference; fileEncoding = 4; lastKnownFileType = sourcecode.c.h; path = SettingViewController.h; sourceTree = "<group>"; };
		92F5B7AA1B791F4200B111E8 /* SettingViewController.m */ = {isa = PBXFileReference; fileEncoding = 4; lastKnownFileType = sourcecode.c.objc; path = SettingViewController.m; sourceTree = "<group>"; };
		E51C3CC11B7D08AF007DF1BF /* uber_logo.png */ = {isa = PBXFileReference; lastKnownFileType = image.png; path = uber_logo.png; sourceTree = "<group>"; };
		E53663B41B72838A005A1E92 /* Crowded.app */ = {isa = PBXFileReference; explicitFileType = wrapper.application; includeInIndex = 0; path = Crowded.app; sourceTree = BUILT_PRODUCTS_DIR; };
		E53663B81B72838A005A1E92 /* Info.plist */ = {isa = PBXFileReference; lastKnownFileType = text.plist.xml; path = Info.plist; sourceTree = "<group>"; };
		E53663B91B72838A005A1E92 /* main.m */ = {isa = PBXFileReference; lastKnownFileType = sourcecode.c.objc; path = main.m; sourceTree = "<group>"; };
		E53663BB1B72838A005A1E92 /* AppDelegate.h */ = {isa = PBXFileReference; lastKnownFileType = sourcecode.c.h; path = AppDelegate.h; sourceTree = "<group>"; };
		E53663BC1B72838A005A1E92 /* AppDelegate.m */ = {isa = PBXFileReference; lastKnownFileType = sourcecode.c.objc; path = AppDelegate.m; sourceTree = "<group>"; };
		E53663BF1B72838A005A1E92 /* Crowded.xcdatamodel */ = {isa = PBXFileReference; lastKnownFileType = wrapper.xcdatamodel; path = Crowded.xcdatamodel; sourceTree = "<group>"; };
		E53663C51B72838A005A1E92 /* Base */ = {isa = PBXFileReference; lastKnownFileType = file.storyboard; name = Base; path = Base.lproj/Main.storyboard; sourceTree = "<group>"; };
		E53663C71B72838B005A1E92 /* Images.xcassets */ = {isa = PBXFileReference; lastKnownFileType = folder.assetcatalog; path = Images.xcassets; sourceTree = "<group>"; };
		E53663CA1B72838B005A1E92 /* Base */ = {isa = PBXFileReference; lastKnownFileType = file.xib; name = Base; path = Base.lproj/LaunchScreen.xib; sourceTree = "<group>"; };
		E53663D01B72838B005A1E92 /* CrowdedTests.xctest */ = {isa = PBXFileReference; explicitFileType = wrapper.cfbundle; includeInIndex = 0; path = CrowdedTests.xctest; sourceTree = BUILT_PRODUCTS_DIR; };
		E53663D51B72838B005A1E92 /* Info.plist */ = {isa = PBXFileReference; lastKnownFileType = text.plist.xml; path = Info.plist; sourceTree = "<group>"; };
		E53663D61B72838B005A1E92 /* CrowdedTests.m */ = {isa = PBXFileReference; lastKnownFileType = sourcecode.c.objc; path = CrowdedTests.m; sourceTree = "<group>"; };
		E54CE8BA1B75271500B92EDF /* LeftMenuViewController.h */ = {isa = PBXFileReference; fileEncoding = 4; lastKnownFileType = sourcecode.c.h; path = LeftMenuViewController.h; sourceTree = "<group>"; };
		E54CE8BB1B75271500B92EDF /* LeftMenuViewController.m */ = {isa = PBXFileReference; fileEncoding = 4; lastKnownFileType = sourcecode.c.objc; path = LeftMenuViewController.m; sourceTree = "<group>"; };
		E54CE8BD1B75276200B92EDF /* HomeViewController.h */ = {isa = PBXFileReference; fileEncoding = 4; lastKnownFileType = sourcecode.c.h; path = HomeViewController.h; sourceTree = "<group>"; };
		E54CE8BE1B75276200B92EDF /* HomeViewController.m */ = {isa = PBXFileReference; fileEncoding = 4; lastKnownFileType = sourcecode.c.objc; name = HomeViewController.m; path = Crowded/ViewControllers/HomeViewController.m; sourceTree = "<group>"; };
		E54CE8C41B75444400B92EDF /* ProfileView.h */ = {isa = PBXFileReference; fileEncoding = 4; lastKnownFileType = sourcecode.c.h; path = ProfileView.h; sourceTree = "<group>"; };
		E54CE8C51B75444400B92EDF /* ProfileView.m */ = {isa = PBXFileReference; fileEncoding = 4; lastKnownFileType = sourcecode.c.objc; path = ProfileView.m; sourceTree = "<group>"; };
		E54CE8C71B75445300B92EDF /* ProfileView.xib */ = {isa = PBXFileReference; fileEncoding = 4; lastKnownFileType = file.xib; path = ProfileView.xib; sourceTree = "<group>"; };
		E56F3D371B76557000A49226 /* MapView.xib */ = {isa = PBXFileReference; fileEncoding = 4; lastKnownFileType = file.xib; path = MapView.xib; sourceTree = "<group>"; };
		E56F3D391B76558500A49226 /* MapView.h */ = {isa = PBXFileReference; fileEncoding = 4; lastKnownFileType = sourcecode.c.h; path = MapView.h; sourceTree = "<group>"; };
		E56F3D3A1B76558500A49226 /* MapView.m */ = {isa = PBXFileReference; fileEncoding = 4; lastKnownFileType = sourcecode.c.objc; path = MapView.m; sourceTree = "<group>"; };
		E56F3D3C1B76567900A49226 /* MapKit.framework */ = {isa = PBXFileReference; lastKnownFileType = wrapper.framework; name = MapKit.framework; path = System/Library/Frameworks/MapKit.framework; sourceTree = SDKROOT; };
		E5A4B7191B7A78AD005A58ED /* CustomListingTableViewCell.h */ = {isa = PBXFileReference; fileEncoding = 4; lastKnownFileType = sourcecode.c.h; path = CustomListingTableViewCell.h; sourceTree = "<group>"; };
		E5A4B71A1B7A78AD005A58ED /* CustomListingTableViewCell.m */ = {isa = PBXFileReference; fileEncoding = 4; lastKnownFileType = sourcecode.c.objc; path = CustomListingTableViewCell.m; sourceTree = "<group>"; };
		E5A4B71B1B7A78AD005A58ED /* CustomListingTableViewCell.xib */ = {isa = PBXFileReference; fileEncoding = 4; lastKnownFileType = file.xib; path = CustomListingTableViewCell.xib; sourceTree = "<group>"; };
		E5DD7A2F1B73CFA100E93C01 /* temp.storyboard */ = {isa = PBXFileReference; fileEncoding = 4; lastKnownFileType = file.storyboard; path = temp.storyboard; sourceTree = "<group>"; };
		E5DD7A3A1B73D56800E93C01 /* ViewController.h */ = {isa = PBXFileReference; fileEncoding = 4; lastKnownFileType = sourcecode.c.h; path = ViewController.h; sourceTree = "<group>"; };
		E5DD7A3B1B73D56800E93C01 /* ViewController.m */ = {isa = PBXFileReference; fileEncoding = 4; lastKnownFileType = sourcecode.c.objc; path = ViewController.m; sourceTree = "<group>"; };
		F8D88774DC41EBB2800FE833 /* Pods.debug.xcconfig */ = {isa = PBXFileReference; includeInIndex = 1; lastKnownFileType = text.xcconfig; name = Pods.debug.xcconfig; path = "Pods/Target Support Files/Pods/Pods.debug.xcconfig"; sourceTree = "<group>"; };
/* End PBXFileReference section */

/* Begin PBXFrameworksBuildPhase section */
		E53663B11B72838A005A1E92 /* Frameworks */ = {
			isa = PBXFrameworksBuildPhase;
			buildActionMask = 2147483647;
			files = (
				E56F3D3D1B76567900A49226 /* MapKit.framework in Frameworks */,
				73F5538E51A27E5248DBDDEF /* libPods.a in Frameworks */,
			);
			runOnlyForDeploymentPostprocessing = 0;
		};
		E53663CD1B72838B005A1E92 /* Frameworks */ = {
			isa = PBXFrameworksBuildPhase;
			buildActionMask = 2147483647;
			files = (
			);
			runOnlyForDeploymentPostprocessing = 0;
		};
/* End PBXFrameworksBuildPhase section */

/* Begin PBXGroup section */
		2947941D12E16CA6E87DCF09 /* Pods */ = {
			isa = PBXGroup;
			children = (
				F8D88774DC41EBB2800FE833 /* Pods.debug.xcconfig */,
				4CF58C8F38BA1F6907A20EFE /* Pods.release.xcconfig */,
			);
			name = Pods;
			sourceTree = "<group>";
		};
		929B97291B77D47D00F43858 /* graphics */ = {
			isa = PBXGroup;
			children = (
				929B972A1B77D47D00F43858 /* app_icon */,
				929B97301B77D47D00F43858 /* background */,
				929B973B1B77D47D00F43858 /* graphics */,
				929B97541B77D47D00F43858 /* splash */,
			);
			path = graphics;
			sourceTree = "<group>";
		};
		929B972A1B77D47D00F43858 /* app_icon */ = {
			isa = PBXGroup;
			children = (
				929B972B1B77D47D00F43858 /* app_icon_120.png */,
				929B972C1B77D47D00F43858 /* app_icon_180.png */,
				929B972D1B77D47D00F43858 /* app_icon_57.png */,
				929B972E1B77D47D00F43858 /* app_icon_80.png */,
				929B972F1B77D47D00F43858 /* app_icon_87.png */,
			);
			path = app_icon;
			sourceTree = "<group>";
		};
		929B97301B77D47D00F43858 /* background */ = {
			isa = PBXGroup;
			children = (
				929B97311B77D47D00F43858 /* 1 */,
				929B97361B77D47D00F43858 /* 2 */,
			);
			path = background;
			sourceTree = "<group>";
		};
		929B97311B77D47D00F43858 /* 1 */ = {
			isa = PBXGroup;
			children = (
				929B97321B77D47D00F43858 /* bg_1242x2016.png */,
				929B97331B77D47D00F43858 /* bg_640x1008.png */,
				929B97341B77D47D00F43858 /* bg_640x832.png */,
				929B97351B77D47D00F43858 /* bg_750x1142.png */,
			);
			path = 1;
			sourceTree = "<group>";
		};
		929B97361B77D47D00F43858 /* 2 */ = {
			isa = PBXGroup;
			children = (
				929B97371B77D47D00F43858 /* bg2_1242x2016.png */,
				929B97381B77D47D00F43858 /* bg2_640x1136.png */,
				929B97391B77D47D00F43858 /* bg2_640x960.png */,
				929B973A1B77D47D00F43858 /* bg2_750x1334.png */,
			);
			path = 2;
			sourceTree = "<group>";
		};
		929B973B1B77D47D00F43858 /* graphics */ = {
			isa = PBXGroup;
			children = (
				92F4CFE91B7A725100B85010 /* create_account.png */,
				92F4CFEA1B7A725100B85010 /* create_account@2x.png */,
				92F4CFEB1B7A725100B85010 /* create_account@3x.png */,
				92F4CFD71B7A66A800B85010 /* fb.png */,
				92F4CFD81B7A66A800B85010 /* fb@2x.png */,
				92F4CFD91B7A66A800B85010 /* fb@3x.png */,
				92F4CFDA1B7A66A800B85010 /* linkedin.png */,
				92F4CFDB1B7A66A800B85010 /* linkedin@2x.png */,
				92F4CFDC1B7A66A800B85010 /* linkedin@3x.png */,
				92F4CFDD1B7A66A800B85010 /* login_with_email.png */,
				92F4CFDE1B7A66A800B85010 /* login_with_email@2x.png */,
				92F4CFDF1B7A66A800B85010 /* login_with_email@3x.png */,
				92F4CFCE1B7A60AA00B85010 /* logo.png */,
				92F4CFCF1B7A60AA00B85010 /* logo@2x.png */,
				92F4CFD01B7A60AA00B85010 /* logo@3x.png */,
				929B973C1B77D47D00F43858 /* back.png */,
				929B973D1B77D47D00F43858 /* back@2x.png */,
				929B973E1B77D47D00F43858 /* blue_bg.png */,
				929B973F1B77D47D00F43858 /* blue_bg@2x.png */,
				929B97401B77D47D00F43858 /* cancel_skill.png */,
				929B97411B77D47D00F43858 /* cancel_skill@2x.png */,
				929B97421B77D47D00F43858 /* com_screen.png */,
				929B97431B77D47D00F43858 /* com_screen@2x.png */,
				929B97441B77D47D00F43858 /* computer.png */,
				929B97451B77D47D00F43858 /* computer@2x.png */,
				929B97461B77D47D00F43858 /* edit_skill.png */,
				929B97471B77D47D00F43858 /* edit_skill@2x.png */,
				929B97481B77D47D00F43858 /* nav.png */,
				929B97491B77D47D00F43858 /* nav@2x.png */,
				929B974A1B77D47D00F43858 /* nav_bg.png */,
				929B974B1B77D47D00F43858 /* nav_bg@2x.png */,
				929B974C1B77D47D00F43858 /* select_skill.png */,
				929B974D1B77D47D00F43858 /* select_skill@2x.png */,
				929B974E1B77D47D00F43858 /* select_skill_cross.png */,
				929B974F1B77D47D00F43858 /* select_skill_cross@2x.png */,
				929B97501B77D47D00F43858 /* select_skill_tick.png */,
				929B97511B77D47D00F43858 /* select_skill_tick@2x.png */,
				929B97521B77D47D00F43858 /* sidebar_bluebg.png */,
				929B97531B77D47D00F43858 /* sidebar_bluebg@2x.png */,
			);
			path = graphics;
			sourceTree = "<group>";
		};
		929B97541B77D47D00F43858 /* splash */ = {
			isa = PBXGroup;
			children = (
				929B97551B77D47D00F43858 /* splash_1242.png */,
				929B97561B77D47D00F43858 /* splash_640X1136.png */,
				929B97571B77D47D00F43858 /* splash_640X960.png */,
				929B97581B77D47D00F43858 /* splash_750.png */,
			);
			path = splash;
			sourceTree = "<group>";
		};
		92F5B7A81B79197400B111E8 /* CategoryFiles */ = {
			isa = PBXGroup;
			children = (
				929B97821B77E08B00F43858 /* UIView+BorderColorWithRadius.h */,
				929B97831B77E08B00F43858 /* UIView+BorderColorWithRadius.m */,
			);
			name = CategoryFiles;
			sourceTree = "<group>";
		};
		AA4CA8DDFA11586D68048F1F /* Frameworks */ = {
			isa = PBXGroup;
			children = (
				E56F3D3C1B76567900A49226 /* MapKit.framework */,
				197CD5E06590FD990F88FBF4 /* libPods.a */,
			);
			name = Frameworks;
			sourceTree = "<group>";
		};
		E53663AB1B728389005A1E92 = {
			isa = PBXGroup;
			children = (
				E51C3CC11B7D08AF007DF1BF /* uber_logo.png */,
				E54CE8BE1B75276200B92EDF /* HomeViewController.m */,
				92F5B7A81B79197400B111E8 /* CategoryFiles */,
				929B97291B77D47D00F43858 /* graphics */,
				E53663B61B72838A005A1E92 /* Crowded */,
				E53663D31B72838B005A1E92 /* CrowdedTests */,
				E53663B51B72838A005A1E92 /* Products */,
				2947941D12E16CA6E87DCF09 /* Pods */,
				AA4CA8DDFA11586D68048F1F /* Frameworks */,
			);
			sourceTree = "<group>";
		};
		E53663B51B72838A005A1E92 /* Products */ = {
			isa = PBXGroup;
			children = (
				E53663B41B72838A005A1E92 /* Crowded.app */,
				E53663D01B72838B005A1E92 /* CrowdedTests.xctest */,
			);
			name = Products;
			sourceTree = "<group>";
		};
		E53663B61B72838A005A1E92 /* Crowded */ = {
			isa = PBXGroup;
			children = (
				E54CE8C31B75442700B92EDF /* Custom Views */,
				E5DD7A311B73D56800E93C01 /* ViewControllers */,
				E53663BB1B72838A005A1E92 /* AppDelegate.h */,
				E53663BC1B72838A005A1E92 /* AppDelegate.m */,
				E53663C41B72838A005A1E92 /* Main.storyboard */,
				E5DD7A2F1B73CFA100E93C01 /* temp.storyboard */,
				E53663C71B72838B005A1E92 /* Images.xcassets */,
				E53663C91B72838B005A1E92 /* LaunchScreen.xib */,
				E53663BE1B72838A005A1E92 /* Crowded.xcdatamodeld */,
				E53663B71B72838A005A1E92 /* Supporting Files */,
			);
			path = Crowded;
			sourceTree = "<group>";
		};
		E53663B71B72838A005A1E92 /* Supporting Files */ = {
			isa = PBXGroup;
			children = (
				92F5B7A71B79195F00B111E8 /* Constant.h */,
				E53663B81B72838A005A1E92 /* Info.plist */,
				E53663B91B72838A005A1E92 /* main.m */,
			);
			name = "Supporting Files";
			sourceTree = "<group>";
		};
		E53663D31B72838B005A1E92 /* CrowdedTests */ = {
			isa = PBXGroup;
			children = (
				E53663D61B72838B005A1E92 /* CrowdedTests.m */,
				E53663D41B72838B005A1E92 /* Supporting Files */,
			);
			path = CrowdedTests;
			sourceTree = "<group>";
		};
		E53663D41B72838B005A1E92 /* Supporting Files */ = {
			isa = PBXGroup;
			children = (
				E53663D51B72838B005A1E92 /* Info.plist */,
			);
			name = "Supporting Files";
			sourceTree = "<group>";
		};
		E54CE8C31B75442700B92EDF /* Custom Views */ = {
			isa = PBXGroup;
			children = (
				E5A4B7181B7A787C005A58ED /* Custom TableViewCell */,
				E54CE8C41B75444400B92EDF /* ProfileView.h */,
				E54CE8C51B75444400B92EDF /* ProfileView.m */,
				E54CE8C71B75445300B92EDF /* ProfileView.xib */,
				E56F3D371B76557000A49226 /* MapView.xib */,
				E56F3D391B76558500A49226 /* MapView.h */,
				E56F3D3A1B76558500A49226 /* MapView.m */,
			);
			path = "Custom Views";
			sourceTree = "<group>";
		};
		E5A4B7181B7A787C005A58ED /* Custom TableViewCell */ = {
			isa = PBXGroup;
			children = (
				E5A4B7191B7A78AD005A58ED /* CustomListingTableViewCell.h */,
				E5A4B71A1B7A78AD005A58ED /* CustomListingTableViewCell.m */,
				E5A4B71B1B7A78AD005A58ED /* CustomListingTableViewCell.xib */,
			);
			path = "Custom TableViewCell";
			sourceTree = "<group>";
		};
		E5DD7A311B73D56800E93C01 /* ViewControllers */ = {
			isa = PBXGroup;
			children = (
				92F4CFD41B7A641900B85010 /* SplashViewController.h */,
				92F4CFD51B7A641900B85010 /* SplashViewController.m */,
				92F5B7A91B791F4200B111E8 /* SettingViewController.h */,
				92F5B7AA1B791F4200B111E8 /* SettingViewController.m */,
				929B97261B77D31900F43858 /* AccountViewController.h */,
				929B97271B77D31900F43858 /* AccountViewController.m */,
				E54CE8BA1B75271500B92EDF /* LeftMenuViewController.h */,
				E54CE8BB1B75271500B92EDF /* LeftMenuViewController.m */,
				E54CE8BD1B75276200B92EDF /* HomeViewController.h */,
				E5DD7A3A1B73D56800E93C01 /* ViewController.h */,
				E5DD7A3B1B73D56800E93C01 /* ViewController.m */,
			);
			path = ViewControllers;
			sourceTree = "<group>";
		};
/* End PBXGroup section */

/* Begin PBXNativeTarget section */
		E53663B31B72838A005A1E92 /* Crowded */ = {
			isa = PBXNativeTarget;
			buildConfigurationList = E53663DA1B72838B005A1E92 /* Build configuration list for PBXNativeTarget "Crowded" */;
			buildPhases = (
				6A35E4B6486990964AEE0DFD /* Check Pods Manifest.lock */,
				E53663B01B72838A005A1E92 /* Sources */,
				E53663B11B72838A005A1E92 /* Frameworks */,
				E53663B21B72838A005A1E92 /* Resources */,
				8B793CBBA4405B4855F3603D /* Copy Pods Resources */,
			);
			buildRules = (
			);
			dependencies = (
			);
			name = Crowded;
			productName = Crowded;
			productReference = E53663B41B72838A005A1E92 /* Crowded.app */;
			productType = "com.apple.product-type.application";
		};
		E53663CF1B72838B005A1E92 /* CrowdedTests */ = {
			isa = PBXNativeTarget;
			buildConfigurationList = E53663DD1B72838B005A1E92 /* Build configuration list for PBXNativeTarget "CrowdedTests" */;
			buildPhases = (
				E53663CC1B72838B005A1E92 /* Sources */,
				E53663CD1B72838B005A1E92 /* Frameworks */,
				E53663CE1B72838B005A1E92 /* Resources */,
			);
			buildRules = (
			);
			dependencies = (
				E53663D21B72838B005A1E92 /* PBXTargetDependency */,
			);
			name = CrowdedTests;
			productName = CrowdedTests;
			productReference = E53663D01B72838B005A1E92 /* CrowdedTests.xctest */;
			productType = "com.apple.product-type.bundle.unit-test";
		};
/* End PBXNativeTarget section */

/* Begin PBXProject section */
		E53663AC1B72838A005A1E92 /* Project object */ = {
			isa = PBXProject;
			attributes = {
				LastUpgradeCheck = 0610;
				ORGANIZATIONNAME = "shuchi mehra";
				TargetAttributes = {
					E53663B31B72838A005A1E92 = {
						CreatedOnToolsVersion = 6.1;
					};
					E53663CF1B72838B005A1E92 = {
						CreatedOnToolsVersion = 6.1;
						TestTargetID = E53663B31B72838A005A1E92;
					};
				};
			};
			buildConfigurationList = E53663AF1B72838A005A1E92 /* Build configuration list for PBXProject "Crowded" */;
			compatibilityVersion = "Xcode 3.2";
			developmentRegion = English;
			hasScannedForEncodings = 0;
			knownRegions = (
				en,
				Base,
			);
			mainGroup = E53663AB1B728389005A1E92;
			productRefGroup = E53663B51B72838A005A1E92 /* Products */;
			projectDirPath = "";
			projectRoot = "";
			targets = (
				E53663B31B72838A005A1E92 /* Crowded */,
				E53663CF1B72838B005A1E92 /* CrowdedTests */,
			);
		};
/* End PBXProject section */

/* Begin PBXResourcesBuildPhase section */
		E53663B21B72838A005A1E92 /* Resources */ = {
			isa = PBXResourcesBuildPhase;
			buildActionMask = 2147483647;
			files = (
				929B976D1B77D47D00F43858 /* com_screen@2x.png in Resources */,
				929B97681B77D47D00F43858 /* blue_bg.png in Resources */,
				E5DD7A301B73CFA100E93C01 /* temp.storyboard in Resources */,
				92F4CFE81B7A66A800B85010 /* login_with_email@3x.png in Resources */,
				92F4CFE51B7A66A800B85010 /* linkedin@3x.png in Resources */,
				929B976F1B77D47D00F43858 /* computer@2x.png in Resources */,
				E54CE8C81B75445300B92EDF /* ProfileView.xib in Resources */,
				92F4CFEE1B7A725100B85010 /* create_account@3x.png in Resources */,
				92F4CFE61B7A66A800B85010 /* login_with_email.png in Resources */,
				929B97711B77D47D00F43858 /* edit_skill@2x.png in Resources */,
				92F4CFEC1B7A725100B85010 /* create_account.png in Resources */,
				929B97781B77D47D00F43858 /* select_skill_cross.png in Resources */,
				929B97701B77D47D00F43858 /* edit_skill.png in Resources */,
				E53663C61B72838B005A1E92 /* Main.storyboard in Resources */,
				929B97811B77D47D00F43858 /* splash_750.png in Resources */,
				929B977B1B77D47D00F43858 /* select_skill_tick@2x.png in Resources */,
				929B97771B77D47D00F43858 /* select_skill@2x.png in Resources */,
				929B977F1B77D47D00F43858 /* splash_640X1136.png in Resources */,
				929B97591B77D47D00F43858 /* app_icon_120.png in Resources */,
				92F4CFE11B7A66A800B85010 /* fb@2x.png in Resources */,
				92F4CFE71B7A66A800B85010 /* login_with_email@2x.png in Resources */,
				929B97761B77D47D00F43858 /* select_skill.png in Resources */,
				929B976C1B77D47D00F43858 /* com_screen.png in Resources */,
				929B976B1B77D47D00F43858 /* cancel_skill@2x.png in Resources */,
				929B97731B77D47D00F43858 /* nav@2x.png in Resources */,
				929B975D1B77D47D00F43858 /* app_icon_87.png in Resources */,
				929B975E1B77D47D00F43858 /* bg_1242x2016.png in Resources */,
				929B976A1B77D47D00F43858 /* cancel_skill.png in Resources */,
				929B975A1B77D47D00F43858 /* app_icon_180.png in Resources */,
				E53663CB1B72838B005A1E92 /* LaunchScreen.xib in Resources */,
				E5A4B71D1B7A78AD005A58ED /* CustomListingTableViewCell.xib in Resources */,
				929B97621B77D47D00F43858 /* bg2_1242x2016.png in Resources */,
				929B97791B77D47D00F43858 /* select_skill_cross@2x.png in Resources */,
				929B976E1B77D47D00F43858 /* computer.png in Resources */,
				929B97611B77D47D00F43858 /* bg_750x1142.png in Resources */,
				929B977C1B77D47D00F43858 /* sidebar_bluebg.png in Resources */,
				92F4CFE21B7A66A800B85010 /* fb@3x.png in Resources */,
				92F4CFD31B7A60AA00B85010 /* logo@3x.png in Resources */,
				929B975C1B77D47D00F43858 /* app_icon_80.png in Resources */,
				92F4CFE41B7A66A800B85010 /* linkedin@2x.png in Resources */,
				929B975B1B77D47D00F43858 /* app_icon_57.png in Resources */,
				929B97741B77D47D00F43858 /* nav_bg.png in Resources */,
				929B97801B77D47D00F43858 /* splash_640X960.png in Resources */,
				92F4CFD21B7A60AA00B85010 /* logo@2x.png in Resources */,
				92F4CFED1B7A725100B85010 /* create_account@2x.png in Resources */,
				929B977E1B77D47D00F43858 /* splash_1242.png in Resources */,
				929B97601B77D47D00F43858 /* bg_640x832.png in Resources */,
				929B97641B77D47D00F43858 /* bg2_640x960.png in Resources */,
				929B975F1B77D47D00F43858 /* bg_640x1008.png in Resources */,
				E56F3D381B76557000A49226 /* MapView.xib in Resources */,
				929B97661B77D47D00F43858 /* back.png in Resources */,
				929B977D1B77D47D00F43858 /* sidebar_bluebg@2x.png in Resources */,
				929B977A1B77D47D00F43858 /* select_skill_tick.png in Resources */,
				929B97691B77D47D00F43858 /* blue_bg@2x.png in Resources */,
				929B97751B77D47D00F43858 /* nav_bg@2x.png in Resources */,
				929B97671B77D47D00F43858 /* back@2x.png in Resources */,
				929B97631B77D47D00F43858 /* bg2_640x1136.png in Resources */,
				92F4CFD11B7A60AA00B85010 /* logo.png in Resources */,
				92F4CFE01B7A66A800B85010 /* fb.png in Resources */,
				929B97651B77D47D00F43858 /* bg2_750x1334.png in Resources */,
				92F4CFE31B7A66A800B85010 /* linkedin.png in Resources */,
				E53663C81B72838B005A1E92 /* Images.xcassets in Resources */,
				E51C3CC21B7D08AF007DF1BF /* uber_logo.png in Resources */,
				929B97721B77D47D00F43858 /* nav.png in Resources */,
			);
			runOnlyForDeploymentPostprocessing = 0;
		};
		E53663CE1B72838B005A1E92 /* Resources */ = {
			isa = PBXResourcesBuildPhase;
			buildActionMask = 2147483647;
			files = (
			);
			runOnlyForDeploymentPostprocessing = 0;
		};
/* End PBXResourcesBuildPhase section */

/* Begin PBXShellScriptBuildPhase section */
		6A35E4B6486990964AEE0DFD /* Check Pods Manifest.lock */ = {
			isa = PBXShellScriptBuildPhase;
			buildActionMask = 2147483647;
			files = (
			);
			inputPaths = (
			);
			name = "Check Pods Manifest.lock";
			outputPaths = (
			);
			runOnlyForDeploymentPostprocessing = 0;
			shellPath = /bin/sh;
			shellScript = "diff \"${PODS_ROOT}/../Podfile.lock\" \"${PODS_ROOT}/Manifest.lock\" > /dev/null\nif [[ $? != 0 ]] ; then\n    cat << EOM\nerror: The sandbox is not in sync with the Podfile.lock. Run 'pod install' or update your CocoaPods installation.\nEOM\n    exit 1\nfi\n";
			showEnvVarsInLog = 0;
		};
		8B793CBBA4405B4855F3603D /* Copy Pods Resources */ = {
			isa = PBXShellScriptBuildPhase;
			buildActionMask = 2147483647;
			files = (
			);
			inputPaths = (
			);
			name = "Copy Pods Resources";
			outputPaths = (
			);
			runOnlyForDeploymentPostprocessing = 0;
			shellPath = /bin/sh;
			shellScript = "\"${SRCROOT}/Pods/Target Support Files/Pods/Pods-resources.sh\"\n";
			showEnvVarsInLog = 0;
		};
/* End PBXShellScriptBuildPhase section */

/* Begin PBXSourcesBuildPhase section */
		E53663B01B72838A005A1E92 /* Sources */ = {
			isa = PBXSourcesBuildPhase;
			buildActionMask = 2147483647;
			files = (
				E5DD7A401B73D56800E93C01 /* ViewController.m in Sources */,
				E53663BD1B72838A005A1E92 /* AppDelegate.m in Sources */,
				E5A4B71C1B7A78AD005A58ED /* CustomListingTableViewCell.m in Sources */,
				929B97841B77E08B00F43858 /* UIView+BorderColorWithRadius.m in Sources */,
				E54CE8BF1B75276200B92EDF /* HomeViewController.m in Sources */,
				E54CE8BC1B75271500B92EDF /* LeftMenuViewController.m in Sources */,
				929B97281B77D31900F43858 /* AccountViewController.m in Sources */,
				E53663BA1B72838A005A1E92 /* main.m in Sources */,
				E56F3D3B1B76558500A49226 /* MapView.m in Sources */,
				E54CE8C61B75444400B92EDF /* ProfileView.m in Sources */,
				92F5B7AB1B791F4200B111E8 /* SettingViewController.m in Sources */,
				E53663C01B72838A005A1E92 /* Crowded.xcdatamodeld in Sources */,
				92F4CFD61B7A641900B85010 /* SplashViewController.m in Sources */,
			);
			runOnlyForDeploymentPostprocessing = 0;
		};
		E53663CC1B72838B005A1E92 /* Sources */ = {
			isa = PBXSourcesBuildPhase;
			buildActionMask = 2147483647;
			files = (
				E53663D71B72838B005A1E92 /* CrowdedTests.m in Sources */,
			);
			runOnlyForDeploymentPostprocessing = 0;
		};
/* End PBXSourcesBuildPhase section */

/* Begin PBXTargetDependency section */
		E53663D21B72838B005A1E92 /* PBXTargetDependency */ = {
			isa = PBXTargetDependency;
			target = E53663B31B72838A005A1E92 /* Crowded */;
			targetProxy = E53663D11B72838B005A1E92 /* PBXContainerItemProxy */;
		};
/* End PBXTargetDependency section */

/* Begin PBXVariantGroup section */
		E53663C41B72838A005A1E92 /* Main.storyboard */ = {
			isa = PBXVariantGroup;
			children = (
				E53663C51B72838A005A1E92 /* Base */,
			);
			name = Main.storyboard;
			sourceTree = "<group>";
		};
		E53663C91B72838B005A1E92 /* LaunchScreen.xib */ = {
			isa = PBXVariantGroup;
			children = (
				E53663CA1B72838B005A1E92 /* Base */,
			);
			name = LaunchScreen.xib;
			sourceTree = "<group>";
		};
/* End PBXVariantGroup section */

/* Begin XCBuildConfiguration section */
		E53663D81B72838B005A1E92 /* Debug */ = {
			isa = XCBuildConfiguration;
			buildSettings = {
				ALWAYS_SEARCH_USER_PATHS = NO;
				CLANG_CXX_LANGUAGE_STANDARD = "gnu++0x";
				CLANG_CXX_LIBRARY = "libc++";
				CLANG_ENABLE_MODULES = YES;
				CLANG_ENABLE_OBJC_ARC = YES;
				CLANG_WARN_BOOL_CONVERSION = YES;
				CLANG_WARN_CONSTANT_CONVERSION = YES;
				CLANG_WARN_DIRECT_OBJC_ISA_USAGE = YES_ERROR;
				CLANG_WARN_EMPTY_BODY = YES;
				CLANG_WARN_ENUM_CONVERSION = YES;
				CLANG_WARN_INT_CONVERSION = YES;
				CLANG_WARN_OBJC_ROOT_CLASS = YES_ERROR;
				CLANG_WARN_UNREACHABLE_CODE = YES;
				CLANG_WARN__DUPLICATE_METHOD_MATCH = YES;
				"CODE_SIGN_IDENTITY[sdk=iphoneos*]" = "iPhone Developer";
				COPY_PHASE_STRIP = NO;
				ENABLE_STRICT_OBJC_MSGSEND = YES;
				GCC_C_LANGUAGE_STANDARD = gnu99;
				GCC_DYNAMIC_NO_PIC = NO;
				GCC_OPTIMIZATION_LEVEL = 0;
				GCC_PREPROCESSOR_DEFINITIONS = (
					"DEBUG=1",
					"$(inherited)",
				);
				GCC_SYMBOLS_PRIVATE_EXTERN = NO;
				GCC_WARN_64_TO_32_BIT_CONVERSION = YES;
				GCC_WARN_ABOUT_RETURN_TYPE = YES_ERROR;
				GCC_WARN_UNDECLARED_SELECTOR = YES;
				GCC_WARN_UNINITIALIZED_AUTOS = YES_AGGRESSIVE;
				GCC_WARN_UNUSED_FUNCTION = YES;
				GCC_WARN_UNUSED_VARIABLE = YES;
				IPHONEOS_DEPLOYMENT_TARGET = 7.0;
				MTL_ENABLE_DEBUG_INFO = YES;
				ONLY_ACTIVE_ARCH = YES;
				SDKROOT = iphoneos;
			};
			name = Debug;
		};
		E53663D91B72838B005A1E92 /* Release */ = {
			isa = XCBuildConfiguration;
			buildSettings = {
				ALWAYS_SEARCH_USER_PATHS = NO;
				CLANG_CXX_LANGUAGE_STANDARD = "gnu++0x";
				CLANG_CXX_LIBRARY = "libc++";
				CLANG_ENABLE_MODULES = YES;
				CLANG_ENABLE_OBJC_ARC = YES;
				CLANG_WARN_BOOL_CONVERSION = YES;
				CLANG_WARN_CONSTANT_CONVERSION = YES;
				CLANG_WARN_DIRECT_OBJC_ISA_USAGE = YES_ERROR;
				CLANG_WARN_EMPTY_BODY = YES;
				CLANG_WARN_ENUM_CONVERSION = YES;
				CLANG_WARN_INT_CONVERSION = YES;
				CLANG_WARN_OBJC_ROOT_CLASS = YES_ERROR;
				CLANG_WARN_UNREACHABLE_CODE = YES;
				CLANG_WARN__DUPLICATE_METHOD_MATCH = YES;
				"CODE_SIGN_IDENTITY[sdk=iphoneos*]" = "iPhone Developer";
				COPY_PHASE_STRIP = YES;
				ENABLE_NS_ASSERTIONS = NO;
				ENABLE_STRICT_OBJC_MSGSEND = YES;
				GCC_C_LANGUAGE_STANDARD = gnu99;
				GCC_WARN_64_TO_32_BIT_CONVERSION = YES;
				GCC_WARN_ABOUT_RETURN_TYPE = YES_ERROR;
				GCC_WARN_UNDECLARED_SELECTOR = YES;
				GCC_WARN_UNINITIALIZED_AUTOS = YES_AGGRESSIVE;
				GCC_WARN_UNUSED_FUNCTION = YES;
				GCC_WARN_UNUSED_VARIABLE = YES;
				IPHONEOS_DEPLOYMENT_TARGET = 7.0;
				MTL_ENABLE_DEBUG_INFO = NO;
				SDKROOT = iphoneos;
				VALIDATE_PRODUCT = YES;
			};
			name = Release;
		};
		E53663DB1B72838B005A1E92 /* Debug */ = {
			isa = XCBuildConfiguration;
			baseConfigurationReference = F8D88774DC41EBB2800FE833 /* Pods.debug.xcconfig */;
			buildSettings = {
				ASSETCATALOG_COMPILER_APPICON_NAME = AppIcon;
				INFOPLIST_FILE = Crowded/Info.plist;
				IPHONEOS_DEPLOYMENT_TARGET = 7.0;
				LD_RUNPATH_SEARCH_PATHS = "$(inherited) @executable_path/Frameworks";
				PRODUCT_NAME = "$(TARGET_NAME)";
			};
			name = Debug;
		};
		E53663DC1B72838B005A1E92 /* Release */ = {
			isa = XCBuildConfiguration;
			baseConfigurationReference = 4CF58C8F38BA1F6907A20EFE /* Pods.release.xcconfig */;
			buildSettings = {
				ASSETCATALOG_COMPILER_APPICON_NAME = AppIcon;
				INFOPLIST_FILE = Crowded/Info.plist;
				IPHONEOS_DEPLOYMENT_TARGET = 7.0;
				LD_RUNPATH_SEARCH_PATHS = "$(inherited) @executable_path/Frameworks";
				PRODUCT_NAME = "$(TARGET_NAME)";
			};
			name = Release;
		};
		E53663DE1B72838B005A1E92 /* Debug */ = {
			isa = XCBuildConfiguration;
			buildSettings = {
				BUNDLE_LOADER = "$(TEST_HOST)";
				FRAMEWORK_SEARCH_PATHS = (
					"$(SDKROOT)/Developer/Library/Frameworks",
					"$(inherited)",
				);
				GCC_PREPROCESSOR_DEFINITIONS = (
					"DEBUG=1",
					"$(inherited)",
				);
				INFOPLIST_FILE = CrowdedTests/Info.plist;
				LD_RUNPATH_SEARCH_PATHS = "$(inherited) @executable_path/Frameworks @loader_path/Frameworks";
				PRODUCT_NAME = "$(TARGET_NAME)";
				TEST_HOST = "$(BUILT_PRODUCTS_DIR)/Crowded.app/Crowded";
			};
			name = Debug;
		};
		E53663DF1B72838B005A1E92 /* Release */ = {
			isa = XCBuildConfiguration;
			buildSettings = {
				BUNDLE_LOADER = "$(TEST_HOST)";
				FRAMEWORK_SEARCH_PATHS = (
					"$(SDKROOT)/Developer/Library/Frameworks",
					"$(inherited)",
				);
				INFOPLIST_FILE = CrowdedTests/Info.plist;
				LD_RUNPATH_SEARCH_PATHS = "$(inherited) @executable_path/Frameworks @loader_path/Frameworks";
				PRODUCT_NAME = "$(TARGET_NAME)";
				TEST_HOST = "$(BUILT_PRODUCTS_DIR)/Crowded.app/Crowded";
			};
			name = Release;
		};
/* End XCBuildConfiguration section */

/* Begin XCConfigurationList section */
		E53663AF1B72838A005A1E92 /* Build configuration list for PBXProject "Crowded" */ = {
			isa = XCConfigurationList;
			buildConfigurations = (
				E53663D81B72838B005A1E92 /* Debug */,
				E53663D91B72838B005A1E92 /* Release */,
			);
			defaultConfigurationIsVisible = 0;
			defaultConfigurationName = Release;
		};
		E53663DA1B72838B005A1E92 /* Build configuration list for PBXNativeTarget "Crowded" */ = {
			isa = XCConfigurationList;
			buildConfigurations = (
				E53663DB1B72838B005A1E92 /* Debug */,
				E53663DC1B72838B005A1E92 /* Release */,
			);
			defaultConfigurationIsVisible = 0;
			defaultConfigurationName = Release;
		};
		E53663DD1B72838B005A1E92 /* Build configuration list for PBXNativeTarget "CrowdedTests" */ = {
			isa = XCConfigurationList;
			buildConfigurations = (
				E53663DE1B72838B005A1E92 /* Debug */,
				E53663DF1B72838B005A1E92 /* Release */,
			);
			defaultConfigurationIsVisible = 0;
			defaultConfigurationName = Release;
		};
/* End XCConfigurationList section */

/* Begin XCVersionGroup section */
		E53663BE1B72838A005A1E92 /* Crowded.xcdatamodeld */ = {
			isa = XCVersionGroup;
			children = (
				E53663BF1B72838A005A1E92 /* Crowded.xcdatamodel */,
			);
			currentVersion = E53663BF1B72838A005A1E92 /* Crowded.xcdatamodel */;
			path = Crowded.xcdatamodeld;
			sourceTree = "<group>";
			versionGroupType = wrapper.xcdatamodel;
		};
/* End XCVersionGroup section */
	};
	rootObject = E53663AC1B72838A005A1E92 /* Project object */;
}
